<?xml version="1.0" encoding="utf-8"?>
<Project ToolsVersion="4.0" xmlns="http://schemas.microsoft.com/developer/msbuild/2003">
  <ItemGroup>
    <Filter Include="Source Files">
      <UniqueIdentifier>{4FC737F1-C7A5-4376-A066-2A32D752A2FF}</UniqueIdentifier>
      <Extensions>cpp;c;cc;cxx;def;odl;idl;hpj;bat;asm;asmx</Extensions>
    </Filter>
    <Filter Include="Header Files">
      <UniqueIdentifier>{93995380-89BD-4b04-88EB-625FBE52EBFB}</UniqueIdentifier>
      <Extensions>h;hpp;hxx;hm;inl;inc;xsd</Extensions>
    </Filter>
    <Filter Include="Resource Files">
      <UniqueIdentifier>{67DA6AB6-F800-4c08-8B7A-83BB121AAD01}</UniqueIdentifier>
      <Extensions>rc;ico;cur;bmp;dlg;rc2;rct;bin;rgs;gif;jpg;jpeg;jpe;resx;tiff;tif;png;wav;mfcribbon-ms</Extensions>
    </Filter>
    <Filter Include="Source Files\mvc">
      <UniqueIdentifier>{4d3ee4b2-4574-4bc1-96b6-a118ce73b1b6}</UniqueIdentifier>
    </Filter>
    <Filter Include="Header Files\mvc">
      <UniqueIdentifier>{9ba065b2-363a-4d0c-86ae-91c9ce068f65}</UniqueIdentifier>
    </Filter>
    <Filter Include="Header Files\datareader">
      <UniqueIdentifier>{56bf0bc5-d149-4362-a244-4abf711f6826}</UniqueIdentifier>
    </Filter>
    <Filter Include="Source Files\datareader">
      <UniqueIdentifier>{7b09e52d-229d-444d-bbe7-5306005ffa89}</UniqueIdentifier>
    </Filter>
    <Filter Include="thirdparty">
      <UniqueIdentifier>{dbfbaf05-1a6f-40b3-b902-629b7bef5be4}</UniqueIdentifier>
    </Filter>
    <Filter Include="Header Files\shader">
      <UniqueIdentifier>{e37014cc-231e-47ad-932a-e4d74d6bb8f5}</UniqueIdentifier>
    </Filter>
    <Filter Include="Source Files\shader">
      <UniqueIdentifier>{9d7cc4e9-d4d0-4b97-86f3-3a6880ffd28d}</UniqueIdentifier>
    </Filter>
    <Filter Include="Header Files\opengl">
      <UniqueIdentifier>{c896d4e9-d98e-4873-8378-cd79c5c70ee5}</UniqueIdentifier>
    </Filter>
    <Filter Include="Source Files\opengl">
      <UniqueIdentifier>{f68bd0a4-e450-4e91-a3bd-bb741bfed7b4}</UniqueIdentifier>
    </Filter>
  </ItemGroup>
  <ItemGroup>
    <ClInclude Include="src\gui6.h">
      <Filter>Header Files</Filter>
    </ClInclude>
    <ClInclude Include="src\StdAfx.h">
      <Filter>Header Files</Filter>
    </ClInclude>
    <ClInclude Include="src\property.h">
      <Filter>Header Files</Filter>
    </ClInclude>
    <ClInclude Include="src\3dlic_model.h">
      <Filter>Header Files\mvc</Filter>
    </ClInclude>
    <ClInclude Include="src\glui_presentation_layer.h">
      <Filter>Header Files\mvc</Filter>
    </ClInclude>
    <ClInclude Include="src\glui_utility.h">
      <Filter>Header Files\mvc</Filter>
    </ClInclude>
    <ClInclude Include="src\model_controller.h">
      <Filter>Header Files\mvc</Filter>
    </ClInclude>
    <ClInclude Include="src\mfalk_reader_wrapper.h">
      <Filter>Header Files\datareader</Filter>
    </ClInclude>
    <ClInclude Include="src\objload.h">
      <Filter>Header Files\datareader</Filter>
    </ClInclude>
    <ClInclude Include="src\reader.h">
      <Filter>Header Files\datareader</Filter>
    </ClInclude>
    <ClInclude Include="src\texture6.h">
      <Filter>Header Files\datareader</Filter>
    </ClInclude>
    <ClInclude Include="src\virmodel.h">
      <Filter>Header Files\datareader</Filter>
    </ClInclude>
    <ClInclude Include="src\virtex.h">
      <Filter>Header Files\datareader</Filter>
    </ClInclude>
    <ClInclude Include="src\vir_toolbox.hpp">
      <Filter>Header Files</Filter>
    </ClInclude>
    <ClInclude Include="src\SliderBundle.h">
      <Filter>Header Files\mvc</Filter>
    </ClInclude>
    <ClInclude Include="src\CheckboxBundle.h">
      <Filter>Header Files\mvc</Filter>
    </ClInclude>
    <ClInclude Include="src\NoiseTex3DFactory.h">
      <Filter>Header Files\datareader</Filter>
    </ClInclude>
    <ClInclude Include="src\ProceduralNoise.h">
      <Filter>Header Files\datareader</Filter>
    </ClInclude>
    <ClInclude Include="src\abstract.h">
      <Filter>Header Files\mvc</Filter>
    </ClInclude>
    <ClInclude Include="src\halton.hpp">
      <Filter>thirdparty</Filter>
    </ClInclude>
    <ClInclude Include="src\glslprogram.h">
      <Filter>Header Files\shader</Filter>
    </ClInclude>
    <ClInclude Include="src\GLSLUniformBinder.h">
      <Filter>Header Files\shader</Filter>
    </ClInclude>
    <ClInclude Include="src\GLSLAttributeBinder.h">
      <Filter>Header Files\shader</Filter>
    </ClInclude>
    <ClInclude Include="src\DeprecatedAttributeBinder.h">
      <Filter>Header Files\opengl</Filter>
    </ClInclude>
    <ClInclude Include="src\DeprecatedCameraBinder.h">
      <Filter>Header Files\opengl</Filter>
    </ClInclude>
    <ClInclude Include="src\FilteredNoise.h">
      <Filter>Header Files\datareader</Filter>
    </ClInclude>
    <ClInclude Include="src\LICFloatParam.h">
      <Filter>Header Files\mvc</Filter>
    </ClInclude>
    <ClInclude Include="src\RegenerateNoise.h">
      <Filter>Header Files</Filter>
    </ClInclude>
  </ItemGroup>
  <ItemGroup>
    <ClCompile Include="src\abstract.cpp">
      <Filter>Source Files</Filter>
    </ClCompile>
    <ClCompile Include="src\gui6.cpp">
      <Filter>Source Files</Filter>
    </ClCompile>
    <ClCompile Include="src\sample.cpp">
      <Filter>Source Files</Filter>
    </ClCompile>
    <ClCompile Include="src\StdAfx.cpp">
      <Filter>Source Files</Filter>
    </ClCompile>
    <ClCompile Include="src\property.cpp">
      <Filter>Source Files</Filter>
    </ClCompile>
    <ClCompile Include="src\3dlic_model.cpp">
      <Filter>Source Files\mvc</Filter>
    </ClCompile>
    <ClCompile Include="src\glui_presentation_layer.cpp">
      <Filter>Source Files\mvc</Filter>
    </ClCompile>
    <ClCompile Include="src\model_controller.cpp">
      <Filter>Source Files\mvc</Filter>
    </ClCompile>
    <ClCompile Include="src\glui_utility.cpp">
      <Filter>Source Files\mvc</Filter>
    </ClCompile>
    <ClCompile Include="src\mfalk_reader_wrapper.cpp">
      <Filter>Source Files\datareader</Filter>
    </ClCompile>
    <ClCompile Include="src\reader.cpp">
      <Filter>Source Files\datareader</Filter>
    </ClCompile>
    <ClCompile Include="src\virmodel.cpp">
      <Filter>Source Files\datareader</Filter>
    </ClCompile>
    <ClCompile Include="src\virtex.cpp">
      <Filter>Source Files\datareader</Filter>
    </ClCompile>
    <ClCompile Include="src\texture6.cpp">
      <Filter>Source Files\datareader</Filter>
    </ClCompile>
    <ClCompile Include="src\vir_toolbox.cpp">
      <Filter>Source Files</Filter>
    </ClCompile>
    <ClCompile Include="src\SliderBundle.cpp">
      <Filter>Source Files\mvc</Filter>
    </ClCompile>
    <ClCompile Include="src\CheckboxBundle.cpp">
      <Filter>Source Files\mvc</Filter>
    </ClCompile>
    <ClCompile Include="src\NoiseTex3DFactory.cpp">
      <Filter>Source Files\datareader</Filter>
    </ClCompile>
    <ClCompile Include="src\ProceduralNoise.cpp">
      <Filter>Source Files\datareader</Filter>
    </ClCompile>
    <ClCompile Include="src\halton.cpp">
      <Filter>thirdparty</Filter>
    </ClCompile>
    <ClCompile Include="src\glslprogram.cpp">
      <Filter>Source Files\shader</Filter>
    </ClCompile>
    <ClCompile Include="src\DeprecatedAttributeBinder.cpp">
      <Filter>Source Files\opengl</Filter>
    </ClCompile>
    <ClCompile Include="src\DeprecatedCameraBinder.cpp">
      <Filter>Source Files\opengl</Filter>
    </ClCompile>
    <ClCompile Include="src\LICFloatParam.cpp">
      <Filter>Source Files\mvc</Filter>
    </ClCompile>
    <ClCompile Include="src\FilteredNoise.cpp">
      <Filter>Source Files\datareader</Filter>
    </ClCompile>
    <ClCompile Include="src\RegenerateNoise.cpp">
      <Filter>Source Files</Filter>
    </ClCompile>
  </ItemGroup>
  <ItemGroup>
    <None Include="src\GLSLCameraBinder.h">
      <Filter>Header Files\opengl</Filter>
    </None>
  </ItemGroup>
</Project>